
Microsoft Visual Studio Solution File, Format Version 12.00
# Visual Studio Version 16
VisualStudioVersion = 16.0.31729.503
MinimumVisualStudioVersion = 10.0.40219.1
Project("{FAE04EC0-301F-11D3-BF4B-00C04F79EFBC}") = "MusterSiparis", "MusterSiparis\MusterSiparis.csproj", "{3B381FF5-5869-4B46-8F41-9A28A5CEF5B4}"
EndProject
Global
	GlobalSection(SolutionConfigurationPlatforms) = preSolution
		Debug|Any CPU = Debug|Any CPU
		Release|Any CPU = Release|Any CPU
	EndGlobalSection
	GlobalSection(ProjectConfigurationPlatforms) = postSolution
		{3B381FF5-5869-4B46-8F41-9A28A5CEF5B4}.Debug|Any CPU.ActiveCfg = Debug|Any CPU
		{3B381FF5-5869-4B46-8F41-9A28A5CEF5B4}.Debug|Any CPU.Build.0 = Debug|Any CPU
		{3B381FF5-5869-4B46-8F41-9A28A5CEF5B4}.Release|Any CPU.ActiveCfg = Release|Any CPU
		{3B381FF5-5869-4B46-8F41-9A28A5CEF5B4}.Release|Any CPU.Build.0 = Release|Any CPU
	EndGlobalSection
	GlobalSection(SolutionProperties) = preSolution
		HideSolutionNode = FALSE
	EndGlobalSection
	GlobalSection(ExtensibilityGlobals) = postSolution
		SolutionGuid = {87D5C412-73A9-441D-B0F7-F6932DF74475}
	EndGlobalSection
EndGlobal
